<?xml version="1.0" encoding="utf-8"?>
<Project ToolsVersion="4.0" xmlns="http://schemas.microsoft.com/developer/msbuild/2003">
  <ItemGroup>
    <ClCompile Include="src\ofApp.cpp">
      <Filter>src</Filter>
    </ClCompile>
    <ClCompile Include="src\main.cpp">
      <Filter>src</Filter>
    </ClCompile>
    <ClCompile Include="src\Controls.txt">
      <Filter>src</Filter>
    </ClCompile>
    <ClCompile Include="src\main.cpp">
      <Filter>src</Filter>
    </ClCompile>
    <ClCompile Include="src\ofApp.cpp">
      <Filter>src</Filter>
    </ClCompile>
    <ClCompile Include="..\..\..\addons\ofxAppUtils\src\ofxApp.cpp">
      <Filter>addons\ofxAppUtils\src</Filter>
    </ClCompile>
    <ClCompile Include="..\..\..\addons\ofxAppUtils\src\ofxParticle.cpp">
      <Filter>addons\ofxAppUtils\src</Filter>
    </ClCompile>
    <ClCompile Include="..\..\..\addons\ofxAppUtils\src\ofxQuadWarper.cpp">
      <Filter>addons\ofxAppUtils\src</Filter>
    </ClCompile>
    <ClCompile Include="..\..\..\addons\ofxAppUtils\src\ofxScene.cpp">
      <Filter>addons\ofxAppUtils\src</Filter>
    </ClCompile>
    <ClCompile Include="..\..\..\addons\ofxAppUtils\src\ofxSceneManager.cpp">
      <Filter>addons\ofxAppUtils\src</Filter>
    </ClCompile>
    <ClCompile Include="..\..\..\addons\ofxAppUtils\src\ofxTransformer.cpp">
      <Filter>addons\ofxAppUtils\src</Filter>
    </ClCompile>
    <ClCompile Include="..\..\..\addons\ofxAppUtils\src\ofxTransformPanel.cpp">
      <Filter>addons\ofxAppUtils\src</Filter>
    </ClCompile>
    <ClCompile Include="..\..\..\addons\ofxGui\src\ofxBaseGui.cpp">
      <Filter>addons\ofxGui\src</Filter>
    </ClCompile>
    <ClCompile Include="..\..\..\addons\ofxGui\src\ofxButton.cpp">
      <Filter>addons\ofxGui\src</Filter>
    </ClCompile>
    <ClCompile Include="..\..\..\addons\ofxGui\src\ofxColorPicker.cpp">
      <Filter>addons\ofxGui\src</Filter>
    </ClCompile>
    <ClCompile Include="..\..\..\addons\ofxGui\src\ofxGuiGroup.cpp">
      <Filter>addons\ofxGui\src</Filter>
    </ClCompile>
    <ClCompile Include="..\..\..\addons\ofxGui\src\ofxInputField.cpp">
      <Filter>addons\ofxGui\src</Filter>
    </ClCompile>
    <ClCompile Include="..\..\..\addons\ofxGui\src\ofxLabel.cpp">
      <Filter>addons\ofxGui\src</Filter>
    </ClCompile>
    <ClCompile Include="..\..\..\addons\ofxGui\src\ofxPanel.cpp">
      <Filter>addons\ofxGui\src</Filter>
    </ClCompile>
    <ClCompile Include="..\..\..\addons\ofxGui\src\ofxSlider.cpp">
      <Filter>addons\ofxGui\src</Filter>
    </ClCompile>
    <ClCompile Include="..\..\..\addons\ofxGui\src\ofxSliderGroup.cpp">
      <Filter>addons\ofxGui\src</Filter>
    </ClCompile>
    <ClCompile Include="..\..\..\addons\ofxGui\src\ofxToggle.cpp">
      <Filter>addons\ofxGui\src</Filter>
    </ClCompile>
    <ClCompile Include="..\..\..\addons\ofxOsc\src\ofxOscBundle.cpp">
      <Filter>addons\ofxOsc\src</Filter>
    </ClCompile>
    <ClCompile Include="..\..\..\addons\ofxOsc\src\ofxOscMessage.cpp">
      <Filter>addons\ofxOsc\src</Filter>
    </ClCompile>
    <ClCompile Include="..\..\..\addons\ofxOsc\src\ofxOscParameterSync.cpp">
      <Filter>addons\ofxOsc\src</Filter>
    </ClCompile>
    <ClCompile Include="..\..\..\addons\ofxOsc\src\ofxOscReceiver.cpp">
      <Filter>addons\ofxOsc\src</Filter>
    </ClCompile>
    <ClCompile Include="..\..\..\addons\ofxOsc\src\ofxOscSender.cpp">
      <Filter>addons\ofxOsc\src</Filter>
    </ClCompile>
    <ClCompile Include="..\..\..\addons\ofxOsc\libs\oscpack\src\ip\IpEndpointName.cpp">
      <Filter>addons\ofxOsc\libs\oscpack\src\ip</Filter>
    </ClCompile>
    <ClCompile Include="..\..\..\addons\ofxOsc\libs\oscpack\src\ip\win32\NetworkingUtils.cpp">
      <Filter>addons\ofxOsc\libs\oscpack\src\ip\win32</Filter>
    </ClCompile>
    <ClCompile Include="..\..\..\addons\ofxOsc\libs\oscpack\src\ip\win32\UdpSocket.cpp">
      <Filter>addons\ofxOsc\libs\oscpack\src\ip\win32</Filter>
    </ClCompile>
    <ClCompile Include="..\..\..\addons\ofxOsc\libs\oscpack\src\osc\OscOutboundPacketStream.cpp">
      <Filter>addons\ofxOsc\libs\oscpack\src\osc</Filter>
    </ClCompile>
    <ClCompile Include="..\..\..\addons\ofxOsc\libs\oscpack\src\osc\OscPrintReceivedElements.cpp">
      <Filter>addons\ofxOsc\libs\oscpack\src\osc</Filter>
    </ClCompile>
    <ClCompile Include="..\..\..\addons\ofxOsc\libs\oscpack\src\osc\OscReceivedElements.cpp">
      <Filter>addons\ofxOsc\libs\oscpack\src\osc</Filter>
    </ClCompile>
    <ClCompile Include="..\..\..\addons\ofxOsc\libs\oscpack\src\osc\OscTypes.cpp">
      <Filter>addons\ofxOsc\libs\oscpack\src\osc</Filter>
    </ClCompile>
    <ClCompile Include="..\..\..\addons\ofxUbo\src\ofxUbo.cpp">
      <Filter>addons\ofxUbo\src</Filter>
    </ClCompile>
    <ClCompile Include="src\scenes\ccScene.cpp">
      <Filter>src\scenes</Filter>
    </ClCompile>
    <ClCompile Include="src\ccReceiver.cpp" />
    <ClCompile Include="src\scenes\contourlines\ContourLinesScene.cpp" />
    <ClCompile Include="src\scenes\gameoflife\GameOfLifeScene.cpp" />
    <ClCompile Include="src\scenes\swarm\SwarmScene.cpp" />
    <ClCompile Include="src\ccUser.cpp" />
    <ClCompile Include="src\ccUserManager.cpp" />
    <ClCompile Include="src\scenes\fluid\ccFluid.cpp" />
    <ClCompile Include="src\scenes\fluid\FluidScene.cpp" />
  </ItemGroup>
  <ItemGroup>
    <Filter Include="src">
      <UniqueIdentifier>{d8376475-7454-4a24-b08a-aac121d3ad6f}</UniqueIdentifier>
    </Filter>
    <Filter Include="src\scenes">
      <UniqueIdentifier>{8E7977D1-1DB1-AB02-A133-0EC0}</UniqueIdentifier>
    </Filter>
    <Filter Include="addons">
      <UniqueIdentifier>{71834F65-F3A9-211E-73B8-DC85}</UniqueIdentifier>
    </Filter>
    <Filter Include="addons\ofxAppUtils">
      <UniqueIdentifier>{189BE19E-1C16-C397-42FA-1242}</UniqueIdentifier>
    </Filter>
    <Filter Include="addons\ofxAppUtils\src">
      <UniqueIdentifier>{AEACC229-5F4F-9834-C85E-E0E8}</UniqueIdentifier>
    </Filter>
    <Filter Include="addons\ofxGui">
      <UniqueIdentifier>{4F2A59AF-5F4E-704B-D067-EC13}</UniqueIdentifier>
    </Filter>
    <Filter Include="addons\ofxGui\src">
      <UniqueIdentifier>{645E9533-4DCD-6179-1CDF-CB65}</UniqueIdentifier>
    </Filter>
    <Filter Include="addons\ofxOsc">
      <UniqueIdentifier>{D91DCA33-6E5D-4481-2AEC-9FBB}</UniqueIdentifier>
    </Filter>
    <Filter Include="addons\ofxOsc\src">
      <UniqueIdentifier>{B9DD339A-D93D-92A1-0A2F-4B41}</UniqueIdentifier>
    </Filter>
    <Filter Include="addons\ofxOsc\libs">
      <UniqueIdentifier>{99ECA1D9-873F-4622-8FC0-FC7B}</UniqueIdentifier>
    </Filter>
    <Filter Include="addons\ofxOsc\libs\oscpack">
      <UniqueIdentifier>{D3A98534-1602-4FEF-57A6-6593}</UniqueIdentifier>
    </Filter>
    <Filter Include="addons\ofxOsc\libs\oscpack\src">
      <UniqueIdentifier>{BFB5BB47-98C8-BBCB-3066-1046}</UniqueIdentifier>
    </Filter>
    <Filter Include="addons\ofxOsc\libs\oscpack\src\ip">
      <UniqueIdentifier>{5A029128-EB41-95C5-CBC0-CDED}</UniqueIdentifier>
    </Filter>
    <Filter Include="addons\ofxOsc\libs\oscpack\src\ip\win32">
      <UniqueIdentifier>{79DFDFE2-400B-8654-3675-01A3}</UniqueIdentifier>
    </Filter>
    <Filter Include="addons\ofxOsc\libs\oscpack\src\osc">
      <UniqueIdentifier>{EDACB89C-9768-9551-4D41-B590}</UniqueIdentifier>
    </Filter>
    <Filter Include="addons\ofxUbo">
      <UniqueIdentifier>{47360B40-F768-AE7D-D04D-4017}</UniqueIdentifier>
    </Filter>
    <Filter Include="addons\ofxUbo\src">
      <UniqueIdentifier>{9B87CA23-4ED1-4237-972F-A9BE}</UniqueIdentifier>
    </Filter>
  </ItemGroup>
  <ItemGroup>
    <ClInclude Include="src\ofApp.h">
      <Filter>src</Filter>
    </ClInclude>
    <ClInclude Include="src\ofApp.h">
      <Filter>src</Filter>
    </ClInclude>
    <ClInclude Include="src\scenes\scenes.h">
      <Filter>src\scenes</Filter>
    </ClInclude>
    <ClInclude Include="..\..\..\addons\ofxAppUtils\src\matrix_funcs.h">
      <Filter>addons\ofxAppUtils\src</Filter>
    </ClInclude>
    <ClInclude Include="..\..\..\addons\ofxAppUtils\src\ofxApp.h">
      <Filter>addons\ofxAppUtils\src</Filter>
    </ClInclude>
    <ClInclude Include="..\..\..\addons\ofxAppUtils\src\ofxAppUtils.h">
      <Filter>addons\ofxAppUtils\src</Filter>
    </ClInclude>
    <ClInclude Include="..\..\..\addons\ofxAppUtils\src\ofxBitmapString.h">
      <Filter>addons\ofxAppUtils\src</Filter>
    </ClInclude>
    <ClInclude Include="..\..\..\addons\ofxAppUtils\src\ofxMovingAverage.h">
      <Filter>addons\ofxAppUtils\src</Filter>
    </ClInclude>
    <ClInclude Include="..\..\..\addons\ofxAppUtils\src\ofxParticle.h">
      <Filter>addons\ofxAppUtils\src</Filter>
    </ClInclude>
    <ClInclude Include="..\..\..\addons\ofxAppUtils\src\ofxParticleManager.h">
      <Filter>addons\ofxAppUtils\src</Filter>
    </ClInclude>
    <ClInclude Include="..\..\..\addons\ofxAppUtils\src\ofxQuadWarper.h">
      <Filter>addons\ofxAppUtils\src</Filter>
    </ClInclude>
    <ClInclude Include="..\..\..\addons\ofxAppUtils\src\ofxScene.h">
      <Filter>addons\ofxAppUtils\src</Filter>
    </ClInclude>
    <ClInclude Include="..\..\..\addons\ofxAppUtils\src\ofxSceneManager.h">
      <Filter>addons\ofxAppUtils\src</Filter>
    </ClInclude>
    <ClInclude Include="..\..\..\addons\ofxAppUtils\src\ofxTimer.h">
      <Filter>addons\ofxAppUtils\src</Filter>
    </ClInclude>
    <ClInclude Include="..\..\..\addons\ofxAppUtils\src\ofxTransformer.h">
      <Filter>addons\ofxAppUtils\src</Filter>
    </ClInclude>
    <ClInclude Include="..\..\..\addons\ofxAppUtils\src\ofxTransformPanel.h">
      <Filter>addons\ofxAppUtils\src</Filter>
    </ClInclude>
    <ClInclude Include="..\..\..\addons\ofxGui\src\ofxBaseGui.h">
      <Filter>addons\ofxGui\src</Filter>
    </ClInclude>
    <ClInclude Include="..\..\..\addons\ofxGui\src\ofxButton.h">
      <Filter>addons\ofxGui\src</Filter>
    </ClInclude>
    <ClInclude Include="..\..\..\addons\ofxGui\src\ofxColorPicker.h">
      <Filter>addons\ofxGui\src</Filter>
    </ClInclude>
    <ClInclude Include="..\..\..\addons\ofxGui\src\ofxGui.h">
      <Filter>addons\ofxGui\src</Filter>
    </ClInclude>
    <ClInclude Include="..\..\..\addons\ofxGui\src\ofxGuiGroup.h">
      <Filter>addons\ofxGui\src</Filter>
    </ClInclude>
    <ClInclude Include="..\..\..\addons\ofxGui\src\ofxGuiUtils.h">
      <Filter>addons\ofxGui\src</Filter>
    </ClInclude>
    <ClInclude Include="..\..\..\addons\ofxGui\src\ofxInputField.h">
      <Filter>addons\ofxGui\src</Filter>
    </ClInclude>
    <ClInclude Include="..\..\..\addons\ofxGui\src\ofxLabel.h">
      <Filter>addons\ofxGui\src</Filter>
    </ClInclude>
    <ClInclude Include="..\..\..\addons\ofxGui\src\ofxPanel.h">
      <Filter>addons\ofxGui\src</Filter>
    </ClInclude>
    <ClInclude Include="..\..\..\addons\ofxGui\src\ofxSlider.h">
      <Filter>addons\ofxGui\src</Filter>
    </ClInclude>
    <ClInclude Include="..\..\..\addons\ofxGui\src\ofxSliderGroup.h">
      <Filter>addons\ofxGui\src</Filter>
    </ClInclude>
    <ClInclude Include="..\..\..\addons\ofxGui\src\ofxToggle.h">
      <Filter>addons\ofxGui\src</Filter>
    </ClInclude>
    <ClInclude Include="..\..\..\addons\ofxOsc\src\ofxOsc.h">
      <Filter>addons\ofxOsc\src</Filter>
    </ClInclude>
    <ClInclude Include="..\..\..\addons\ofxOsc\src\ofxOscArg.h">
      <Filter>addons\ofxOsc\src</Filter>
    </ClInclude>
    <ClInclude Include="..\..\..\addons\ofxOsc\src\ofxOscBundle.h">
      <Filter>addons\ofxOsc\src</Filter>
    </ClInclude>
    <ClInclude Include="..\..\..\addons\ofxOsc\src\ofxOscMessage.h">
      <Filter>addons\ofxOsc\src</Filter>
    </ClInclude>
    <ClInclude Include="..\..\..\addons\ofxOsc\src\ofxOscParameterSync.h">
      <Filter>addons\ofxOsc\src</Filter>
    </ClInclude>
    <ClInclude Include="..\..\..\addons\ofxOsc\src\ofxOscReceiver.h">
      <Filter>addons\ofxOsc\src</Filter>
    </ClInclude>
    <ClInclude Include="..\..\..\addons\ofxOsc\src\ofxOscSender.h">
      <Filter>addons\ofxOsc\src</Filter>
    </ClInclude>
    <ClInclude Include="..\..\..\addons\ofxOsc\libs\oscpack\src\ip\IpEndpointName.h">
      <Filter>addons\ofxOsc\libs\oscpack\src\ip</Filter>
    </ClInclude>
    <ClInclude Include="..\..\..\addons\ofxOsc\libs\oscpack\src\ip\NetworkingUtils.h">
      <Filter>addons\ofxOsc\libs\oscpack\src\ip</Filter>
    </ClInclude>
    <ClInclude Include="..\..\..\addons\ofxOsc\libs\oscpack\src\ip\PacketListener.h">
      <Filter>addons\ofxOsc\libs\oscpack\src\ip</Filter>
    </ClInclude>
    <ClInclude Include="..\..\..\addons\ofxOsc\libs\oscpack\src\ip\TimerListener.h">
      <Filter>addons\ofxOsc\libs\oscpack\src\ip</Filter>
    </ClInclude>
    <ClInclude Include="..\..\..\addons\ofxOsc\libs\oscpack\src\ip\UdpSocket.h">
      <Filter>addons\ofxOsc\libs\oscpack\src\ip</Filter>
    </ClInclude>
    <ClInclude Include="..\..\..\addons\ofxOsc\libs\oscpack\src\osc\MessageMappingOscPacketListener.h">
      <Filter>addons\ofxOsc\libs\oscpack\src\osc</Filter>
    </ClInclude>
    <ClInclude Include="..\..\..\addons\ofxOsc\libs\oscpack\src\osc\OscException.h">
      <Filter>addons\ofxOsc\libs\oscpack\src\osc</Filter>
    </ClInclude>
    <ClInclude Include="..\..\..\addons\ofxOsc\libs\oscpack\src\osc\OscHostEndianness.h">
      <Filter>addons\ofxOsc\libs\oscpack\src\osc</Filter>
    </ClInclude>
    <ClInclude Include="..\..\..\addons\ofxOsc\libs\oscpack\src\osc\OscOutboundPacketStream.h">
      <Filter>addons\ofxOsc\libs\oscpack\src\osc</Filter>
    </ClInclude>
    <ClInclude Include="..\..\..\addons\ofxOsc\libs\oscpack\src\osc\OscPacketListener.h">
      <Filter>addons\ofxOsc\libs\oscpack\src\osc</Filter>
    </ClInclude>
    <ClInclude Include="..\..\..\addons\ofxOsc\libs\oscpack\src\osc\OscPrintReceivedElements.h">
      <Filter>addons\ofxOsc\libs\oscpack\src\osc</Filter>
    </ClInclude>
    <ClInclude Include="..\..\..\addons\ofxOsc\libs\oscpack\src\osc\OscReceivedElements.h">
      <Filter>addons\ofxOsc\libs\oscpack\src\osc</Filter>
    </ClInclude>
    <ClInclude Include="..\..\..\addons\ofxOsc\libs\oscpack\src\osc\OscTypes.h">
      <Filter>addons\ofxOsc\libs\oscpack\src\osc</Filter>
    </ClInclude>
    <ClInclude Include="..\..\..\addons\ofxUbo\src\ofxUbo.h">
      <Filter>addons\ofxUbo\src</Filter>
    </ClInclude>
    <ClInclude Include="src\scenes\ccScene.h">
      <Filter>src\scenes</Filter>
    </ClInclude>
    <ClInclude Include="src\ccReceiver.h" />
    <ClInclude Include="src\scenes\contourlines\ContourLinesScene.h" />
    <ClInclude Include="src\scenes\gameoflife\GameOfLifeScene.h" />
    <ClInclude Include="src\scenes\swarm\SwarmScene.h" />
    <ClInclude Include="src\ccUser.h" />
    <ClInclude Include="src\ccUserManager.h" />
    <ClInclude Include="src\scenes\fluid\ccFluid.h" />
    <ClInclude Include="src\scenes\fluid\FluidScene.h" />
    <ClInclude Include="src\utils\ccPingPong.h" />
  </ItemGroup>
  <ItemGroup>
    <ResourceCompile Include="icon.rc" />
  </ItemGroup>
  <ItemGroup>
    <None Include="src\scenes\gameoflife\shader\gol.frag" />
    <None Include="src\scenes\particles\shader\instancedParticles.frag" />
    <None Include="src\scenes\particles\shader\instancedParticles.vert" />
    <None Include="src\scenes\gameoflife\shader\outline.frag" />
    <None Include="src\scenes\particles\shader\particle.comp" />
    <None Include="src\scenes\gameoflife\shader\passthru.vert" />
    <None Include="src\scenes\gameoflife\shader\renderInstanced.frag" />
    <None Include="src\scenes\gameoflife\shader\renderInstanced.vert" />
    <None Include="src\scenes\swarm\shader\colorSplash.comp" />
    <None Include="src\scenes\contourlines\shader\contour.frag" />
    <None Include="src\scenes\contourlines\shader\contour.vert" />
    <None Include="src\scenes\swarm\shader\swarm.comp" />
    <None Include="src\scenes\swarm\shader\swarm.frag" />
    <None Include="src\scenes\swarm\shader\swarm.vert" />
    <None Include="src\scenes\swarm\shader\swarmUserEnter.comp" />
    <None Include="addons.make" />
    <None Include="src\scenes\fluid\shader\fluid\vorticityforce.frag" />
    <None Include="src\scenes\fluid\shader\fluid\advect.frag" />
    <None Include="src\scenes\fluid\shader\fluid\boundaries.frag" />
    <None Include="src\scenes\fluid\shader\displayvector.frag" />
    <None Include="src\scenes\fluid\shader\fluid\divergence.frag" />
    <None Include="src\scenes\fluid\shader\fluid\gradient.frag" />
    <None Include="src\scenes\fluid\shader\fluid\gravity.frag" />
    <None Include="src\scenes\fluid\shader\fluid\jacobiscalar.frag" />
    <None Include="src\scenes\fluid\shader\fluid\jacobivector.frag" />
    <None Include="src\scenes\fluid\shader\passthru.vert" />
    <None Include="src\scenes\fluid\shader\fluid\splat.frag" />
    <None Include="src\scenes\fluid\shader\fluid\vorticity.frag" />
    <None Include="src\scenes\fluid\shader\displayvector.frag" />
    <None Include="src\scenes\fluid\shader\displayscalar.frag" />
    <None Include="src\scenes\swarm\shader\intro.comp" />
    <None Include="src\scenes\fluid\shader\pixels.frag" />
    <None Include="src\scenes\gameoflife\shader\metaballs.frag" />
    <None Include="src\scenes\gameoflife\shader\splat.frag" />
    <None Include="src\scenes\fluid\shader\velocity.frag" />
    <None Include="src\scenes\fluid\shader\texture.frag" />
    <None Include="src\scenes\contourlines\shader\splat.frag" />
    <None Include="src\scenes\contourlines\shader\passthru.vert" />
    <None Include="src\scenes\contourlines\shader\subtract.frag" />
    <None Include="src\scenes\swarm\shader\userInteraction.comp" />
  </ItemGroup>
</Project>