<?xml version="1.0" encoding="utf-8"?>
<Project ToolsVersion="4.0" xmlns="http://schemas.microsoft.com/developer/msbuild/2003">
  <ItemGroup>
    <ClCompile Include="src\ofApp.cpp">
      <Filter>src</Filter>
    </ClCompile>
    <ClCompile Include="src\main.cpp">
      <Filter>src</Filter>
    </ClCompile>
    <ClCompile Include="src\main.cpp">
      <Filter>src</Filter>
    </ClCompile>
    <ClCompile Include="src\ofApp.cpp">
      <Filter>src</Filter>
    </ClCompile>
    <ClCompile Include="src\scenes\ParticleScene.cpp">
      <Filter>src\scenes</Filter>
    </ClCompile>
    <ClCompile Include="..\..\..\addons\ofxAppUtils\src\ofxApp.cpp">
      <Filter>addons\ofxAppUtils\src</Filter>
    </ClCompile>
    <ClCompile Include="..\..\..\addons\ofxAppUtils\src\ofxParticle.cpp">
      <Filter>addons\ofxAppUtils\src</Filter>
    </ClCompile>
    <ClCompile Include="..\..\..\addons\ofxAppUtils\src\ofxQuadWarper.cpp">
      <Filter>addons\ofxAppUtils\src</Filter>
    </ClCompile>
    <ClCompile Include="..\..\..\addons\ofxAppUtils\src\ofxScene.cpp">
      <Filter>addons\ofxAppUtils\src</Filter>
    </ClCompile>
    <ClCompile Include="..\..\..\addons\ofxAppUtils\src\ofxSceneManager.cpp">
      <Filter>addons\ofxAppUtils\src</Filter>
    </ClCompile>
    <ClCompile Include="..\..\..\addons\ofxAppUtils\src\ofxTransformer.cpp">
      <Filter>addons\ofxAppUtils\src</Filter>
    </ClCompile>
    <ClCompile Include="..\..\..\addons\ofxAppUtils\src\ofxTransformPanel.cpp">
      <Filter>addons\ofxAppUtils\src</Filter>
    </ClCompile>
    <ClCompile Include="..\..\..\addons\ofxGui\src\ofxBaseGui.cpp">
      <Filter>addons\ofxGui\src</Filter>
    </ClCompile>
    <ClCompile Include="..\..\..\addons\ofxGui\src\ofxButton.cpp">
      <Filter>addons\ofxGui\src</Filter>
    </ClCompile>
    <ClCompile Include="..\..\..\addons\ofxGui\src\ofxColorPicker.cpp">
      <Filter>addons\ofxGui\src</Filter>
    </ClCompile>
    <ClCompile Include="..\..\..\addons\ofxGui\src\ofxGuiGroup.cpp">
      <Filter>addons\ofxGui\src</Filter>
    </ClCompile>
    <ClCompile Include="..\..\..\addons\ofxGui\src\ofxInputField.cpp">
      <Filter>addons\ofxGui\src</Filter>
    </ClCompile>
    <ClCompile Include="..\..\..\addons\ofxGui\src\ofxLabel.cpp">
      <Filter>addons\ofxGui\src</Filter>
    </ClCompile>
    <ClCompile Include="..\..\..\addons\ofxGui\src\ofxPanel.cpp">
      <Filter>addons\ofxGui\src</Filter>
    </ClCompile>
    <ClCompile Include="..\..\..\addons\ofxGui\src\ofxSlider.cpp">
      <Filter>addons\ofxGui\src</Filter>
    </ClCompile>
    <ClCompile Include="..\..\..\addons\ofxGui\src\ofxSliderGroup.cpp">
      <Filter>addons\ofxGui\src</Filter>
    </ClCompile>
    <ClCompile Include="..\..\..\addons\ofxGui\src\ofxToggle.cpp">
      <Filter>addons\ofxGui\src</Filter>
    </ClCompile>
    <ClCompile Include="..\..\..\addons\ofxUbo\src\ofxUbo.cpp">
      <Filter>addons\ofxUbo\src</Filter>
    </ClCompile>
    <ClCompile Include="src\scenes\GameOfLifeScene.cpp" />
    <ClCompile Include="src\scenes\ContourLinesScene.cpp" />
  </ItemGroup>
  <ItemGroup>
    <Filter Include="src">
      <UniqueIdentifier>{d8376475-7454-4a24-b08a-aac121d3ad6f}</UniqueIdentifier>
    </Filter>
    <Filter Include="src\scenes">
      <UniqueIdentifier>{8E7977D1-1DB1-AB02-A133-0EC0}</UniqueIdentifier>
    </Filter>
    <Filter Include="addons">
      <UniqueIdentifier>{71834F65-F3A9-211E-73B8-DC85}</UniqueIdentifier>
    </Filter>
    <Filter Include="addons\ofxAppUtils">
      <UniqueIdentifier>{189BE19E-1C16-C397-42FA-1242}</UniqueIdentifier>
    </Filter>
    <Filter Include="addons\ofxAppUtils\src">
      <UniqueIdentifier>{AEACC229-5F4F-9834-C85E-E0E8}</UniqueIdentifier>
    </Filter>
    <Filter Include="addons\ofxGui">
      <UniqueIdentifier>{4F2A59AF-5F4E-704B-D067-EC13}</UniqueIdentifier>
    </Filter>
    <Filter Include="addons\ofxGui\src">
      <UniqueIdentifier>{645E9533-4DCD-6179-1CDF-CB65}</UniqueIdentifier>
    </Filter>
    <Filter Include="addons\ofxUbo">
      <UniqueIdentifier>{47360B40-F768-AE7D-D04D-4017}</UniqueIdentifier>
    </Filter>
    <Filter Include="addons\ofxUbo\src">
      <UniqueIdentifier>{9B87CA23-4ED1-4237-972F-A9BE}</UniqueIdentifier>
    </Filter>
  </ItemGroup>
  <ItemGroup>
    <ClInclude Include="src\ofApp.h">
      <Filter>src</Filter>
    </ClInclude>
    <ClInclude Include="src\ofApp.h">
      <Filter>src</Filter>
    </ClInclude>
    <ClInclude Include="src\scenes\ParticleScene.h">
      <Filter>src\scenes</Filter>
    </ClInclude>
    <ClInclude Include="src\scenes\scenes.h">
      <Filter>src\scenes</Filter>
    </ClInclude>
    <ClInclude Include="..\..\..\addons\ofxAppUtils\src\matrix_funcs.h">
      <Filter>addons\ofxAppUtils\src</Filter>
    </ClInclude>
    <ClInclude Include="..\..\..\addons\ofxAppUtils\src\ofxApp.h">
      <Filter>addons\ofxAppUtils\src</Filter>
    </ClInclude>
    <ClInclude Include="..\..\..\addons\ofxAppUtils\src\ofxAppUtils.h">
      <Filter>addons\ofxAppUtils\src</Filter>
    </ClInclude>
    <ClInclude Include="..\..\..\addons\ofxAppUtils\src\ofxBitmapString.h">
      <Filter>addons\ofxAppUtils\src</Filter>
    </ClInclude>
    <ClInclude Include="..\..\..\addons\ofxAppUtils\src\ofxMovingAverage.h">
      <Filter>addons\ofxAppUtils\src</Filter>
    </ClInclude>
    <ClInclude Include="..\..\..\addons\ofxAppUtils\src\ofxParticle.h">
      <Filter>addons\ofxAppUtils\src</Filter>
    </ClInclude>
    <ClInclude Include="..\..\..\addons\ofxAppUtils\src\ofxParticleManager.h">
      <Filter>addons\ofxAppUtils\src</Filter>
    </ClInclude>
    <ClInclude Include="..\..\..\addons\ofxAppUtils\src\ofxQuadWarper.h">
      <Filter>addons\ofxAppUtils\src</Filter>
    </ClInclude>
    <ClInclude Include="..\..\..\addons\ofxAppUtils\src\ofxScene.h">
      <Filter>addons\ofxAppUtils\src</Filter>
    </ClInclude>
    <ClInclude Include="..\..\..\addons\ofxAppUtils\src\ofxSceneManager.h">
      <Filter>addons\ofxAppUtils\src</Filter>
    </ClInclude>
    <ClInclude Include="..\..\..\addons\ofxAppUtils\src\ofxTimer.h">
      <Filter>addons\ofxAppUtils\src</Filter>
    </ClInclude>
    <ClInclude Include="..\..\..\addons\ofxAppUtils\src\ofxTransformer.h">
      <Filter>addons\ofxAppUtils\src</Filter>
    </ClInclude>
    <ClInclude Include="..\..\..\addons\ofxAppUtils\src\ofxTransformPanel.h">
      <Filter>addons\ofxAppUtils\src</Filter>
    </ClInclude>
    <ClInclude Include="..\..\..\addons\ofxGui\src\ofxBaseGui.h">
      <Filter>addons\ofxGui\src</Filter>
    </ClInclude>
    <ClInclude Include="..\..\..\addons\ofxGui\src\ofxButton.h">
      <Filter>addons\ofxGui\src</Filter>
    </ClInclude>
    <ClInclude Include="..\..\..\addons\ofxGui\src\ofxColorPicker.h">
      <Filter>addons\ofxGui\src</Filter>
    </ClInclude>
    <ClInclude Include="..\..\..\addons\ofxGui\src\ofxGui.h">
      <Filter>addons\ofxGui\src</Filter>
    </ClInclude>
    <ClInclude Include="..\..\..\addons\ofxGui\src\ofxGuiGroup.h">
      <Filter>addons\ofxGui\src</Filter>
    </ClInclude>
    <ClInclude Include="..\..\..\addons\ofxGui\src\ofxGuiUtils.h">
      <Filter>addons\ofxGui\src</Filter>
    </ClInclude>
    <ClInclude Include="..\..\..\addons\ofxGui\src\ofxInputField.h">
      <Filter>addons\ofxGui\src</Filter>
    </ClInclude>
    <ClInclude Include="..\..\..\addons\ofxGui\src\ofxLabel.h">
      <Filter>addons\ofxGui\src</Filter>
    </ClInclude>
    <ClInclude Include="..\..\..\addons\ofxGui\src\ofxPanel.h">
      <Filter>addons\ofxGui\src</Filter>
    </ClInclude>
    <ClInclude Include="..\..\..\addons\ofxGui\src\ofxSlider.h">
      <Filter>addons\ofxGui\src</Filter>
    </ClInclude>
    <ClInclude Include="..\..\..\addons\ofxGui\src\ofxSliderGroup.h">
      <Filter>addons\ofxGui\src</Filter>
    </ClInclude>
    <ClInclude Include="..\..\..\addons\ofxGui\src\ofxToggle.h">
      <Filter>addons\ofxGui\src</Filter>
    </ClInclude>
    <ClInclude Include="..\..\..\addons\ofxUbo\src\ofxUbo.h">
      <Filter>addons\ofxUbo\src</Filter>
    </ClInclude>
    <ClInclude Include="src\scenes\LineScene.h" />
    <ClInclude Include="src\scenes\GameOfLifeScene.h" />
    <ClInclude Include="src\scenes\ContourLinesScene.h" />
  </ItemGroup>
  <ItemGroup>
    <ResourceCompile Include="icon.rc" />
  </ItemGroup>
  <ItemGroup>
    <Text Include="src\Controls.txt" />
  </ItemGroup>
  <ItemGroup>
    <None Include="res\shader\particle.comp" />
    <None Include="res\shader\gol.frag" />
    <None Include="res\shader\passthru.vert" />
    <None Include="res\shader\render.frag" />
    <None Include="res\shader\render.vert" />
    <None Include="res\shader\render.geom" />
    <None Include="res\shader\instancedParticles.vert" />
    <None Include="res\shader\instancedParticles.frag" />
    <None Include="res\shader\renderInstanced.frag" />
    <None Include="res\shader\renderInstanced.vert" />
  </ItemGroup>
</Project>